
Microsoft Visual Studio Solution File, Format Version 12.00
# Visual Studio 15
VisualStudioVersion = 15.0.27703.2042
MinimumVisualStudioVersion = 10.0.40219.1
Project("{FAE04EC0-301F-11D3-BF4B-00C04F79EFBC}") = "HolaMundo", "HolaMundo\HolaMundo.csproj", "{C7952319-8FF4-49F3-8DC0-EBFB5C86E789}"
EndProject
Global
	GlobalSection(SolutionConfigurationPlatforms) = preSolution
		Debug|Any CPU = Debug|Any CPU
		Release|Any CPU = Release|Any CPU
	EndGlobalSection
	GlobalSection(ProjectConfigurationPlatforms) = postSolution
		{C7952319-8FF4-49F3-8DC0-EBFB5C86E789}.Debug|Any CPU.ActiveCfg = Debug|Any CPU
		{C7952319-8FF4-49F3-8DC0-EBFB5C86E789}.Debug|Any CPU.Build.0 = Debug|Any CPU
		{C7952319-8FF4-49F3-8DC0-EBFB5C86E789}.Release|Any CPU.ActiveCfg = Release|Any CPU
		{C7952319-8FF4-49F3-8DC0-EBFB5C86E789}.Release|Any CPU.Build.0 = Release|Any CPU
	EndGlobalSection
	GlobalSection(SolutionProperties) = preSolution
		HideSolutionNode = FALSE
	EndGlobalSection
	GlobalSection(ExtensibilityGlobals) = postSolution
		SolutionGuid = {48F8B99C-A657-4C59-865D-B0BCB3E0C8ED}
	EndGlobalSection
EndGlobal
